// !$*UTF8*$!
{
	archiveVersion = 1;
	classes = {
	};
	objectVersion = 46;
	objects = {

/* Begin PBXBuildFile section */
		2406078819991647005B31CD /* Foundation.framework in Frameworks */ = {isa = PBXBuildFile; fileRef = 2406078719991647005B31CD /* Foundation.framework */; };
		2406078A19991647005B31CD /* CoreGraphics.framework in Frameworks */ = {isa = PBXBuildFile; fileRef = 2406078919991647005B31CD /* CoreGraphics.framework */; };
		2406078C19991647005B31CD /* UIKit.framework in Frameworks */ = {isa = PBXBuildFile; fileRef = 2406078B19991647005B31CD /* UIKit.framework */; };
		2406079219991647005B31CD /* InfoPlist.strings in Resources */ = {isa = PBXBuildFile; fileRef = 2406079019991647005B31CD /* InfoPlist.strings */; };
		2406079419991647005B31CD /* main.m in Sources */ = {isa = PBXBuildFile; fileRef = 2406079319991647005B31CD /* main.m */; };
		2406079819991647005B31CD /* MPAppDelegate.m in Sources */ = {isa = PBXBuildFile; fileRef = 2406079719991647005B31CD /* MPAppDelegate.m */; };
		2406079A19991647005B31CD /* Images.xcassets in Resources */ = {isa = PBXBuildFile; fileRef = 2406079919991647005B31CD /* Images.xcassets */; };
		240607A119991647005B31CD /* XCTest.framework in Frameworks */ = {isa = PBXBuildFile; fileRef = 240607A019991647005B31CD /* XCTest.framework */; };
		240607A219991647005B31CD /* Foundation.framework in Frameworks */ = {isa = PBXBuildFile; fileRef = 2406078719991647005B31CD /* Foundation.framework */; };
		240607A319991647005B31CD /* UIKit.framework in Frameworks */ = {isa = PBXBuildFile; fileRef = 2406078B19991647005B31CD /* UIKit.framework */; };
		240607AB19991647005B31CD /* InfoPlist.strings in Resources */ = {isa = PBXBuildFile; fileRef = 240607A919991647005B31CD /* InfoPlist.strings */; };
		240607AD19991647005B31CD /* CodeReviewTests.m in Sources */ = {isa = PBXBuildFile; fileRef = 240607AC19991647005B31CD /* CodeReviewTests.m */; };
/* End PBXBuildFile section */

/* Begin PBXContainerItemProxy section */
		240607A419991647005B31CD /* PBXContainerItemProxy */ = {
			isa = PBXContainerItemProxy;
			containerPortal = 2406077C19991647005B31CD /* Project object */;
			proxyType = 1;
			remoteGlobalIDString = 2406078319991647005B31CD;
			remoteInfo = CodeReview;
		};
/* End PBXContainerItemProxy section */

/* Begin PBXFileReference section */
		2406078419991647005B31CD /* CodeReview.app */ = {isa = PBXFileReference; explicitFileType = wrapper.application; includeInIndex = 0; path = CodeReview.app; sourceTree = BUILT_PRODUCTS_DIR; };
		2406078719991647005B31CD /* Foundation.framework */ = {isa = PBXFileReference; lastKnownFileType = wrapper.framework; name = Foundation.framework; path = System/Library/Frameworks/Foundation.framework; sourceTree = SDKROOT; };
		2406078919991647005B31CD /* CoreGraphics.framework */ = {isa = PBXFileReference; lastKnownFileType = wrapper.framework; name = CoreGraphics.framework; path = System/Library/Frameworks/CoreGraphics.framework; sourceTree = SDKROOT; };
		2406078B19991647005B31CD /* UIKit.framework */ = {isa = PBXFileReference; lastKnownFileType = wrapper.framework; name = UIKit.framework; path = System/Library/Frameworks/UIKit.framework; sourceTree = SDKROOT; };
		2406078F19991647005B31CD /* CodeReview-Info.plist */ = {isa = PBXFileReference; lastKnownFileType = text.plist.xml; path = "CodeReview-Info.plist"; sourceTree = "<group>"; };
		2406079119991647005B31CD /* en */ = {isa = PBXFileReference; lastKnownFileType = text.plist.strings; name = en; path = en.lproj/InfoPlist.strings; sourceTree = "<group>"; };
		2406079319991647005B31CD /* main.m */ = {isa = PBXFileReference; lastKnownFileType = sourcecode.c.objc; path = main.m; sourceTree = "<group>"; };
		2406079519991647005B31CD /* CodeReview-Prefix.pch */ = {isa = PBXFileReference; lastKnownFileType = sourcecode.c.h; path = "CodeReview-Prefix.pch"; sourceTree = "<group>"; };
		2406079619991647005B31CD /* MPAppDelegate.h */ = {isa = PBXFileReference; lastKnownFileType = sourcecode.c.h; path = MPAppDelegate.h; sourceTree = "<group>"; };
		2406079719991647005B31CD /* MPAppDelegate.m */ = {isa = PBXFileReference; lastKnownFileType = sourcecode.c.objc; path = MPAppDelegate.m; sourceTree = "<group>"; };
		2406079919991647005B31CD /* Images.xcassets */ = {isa = PBXFileReference; lastKnownFileType = folder.assetcatalog; path = Images.xcassets; sourceTree = "<group>"; };
		2406079F19991647005B31CD /* CodeReviewTests.xctest */ = {isa = PBXFileReference; explicitFileType = wrapper.cfbundle; includeInIndex = 0; path = CodeReviewTests.xctest; sourceTree = BUILT_PRODUCTS_DIR; };
		240607A019991647005B31CD /* XCTest.framework */ = {isa = PBXFileReference; lastKnownFileType = wrapper.framework; name = XCTest.framework; path = Library/Frameworks/XCTest.framework; sourceTree = DEVELOPER_DIR; };
		240607A819991647005B31CD /* CodeReviewTests-Info.plist */ = {isa = PBXFileReference; lastKnownFileType = text.plist.xml; path = "CodeReviewTests-Info.plist"; sourceTree = "<group>"; };
		240607AA19991647005B31CD /* en */ = {isa = PBXFileReference; lastKnownFileType = text.plist.strings; name = en; path = en.lproj/InfoPlist.strings; sourceTree = "<group>"; };
		240607AC19991647005B31CD /* CodeReviewTests.m */ = {isa = PBXFileReference; lastKnownFileType = sourcecode.c.objc; path = CodeReviewTests.m; sourceTree = "<group>"; };
/* End PBXFileReference section */

/* Begin PBXFrameworksBuildPhase section */
		2406078119991647005B31CD /* Frameworks */ = {
			isa = PBXFrameworksBuildPhase;
			buildActionMask = 2147483647;
			files = (
				2406078A19991647005B31CD /* CoreGraphics.framework in Frameworks */,
				2406078C19991647005B31CD /* UIKit.framework in Frameworks */,
				2406078819991647005B31CD /* Foundation.framework in Frameworks */,
			);
			runOnlyForDeploymentPostprocessing = 0;
		};
		2406079C19991647005B31CD /* Frameworks */ = {
			isa = PBXFrameworksBuildPhase;
			buildActionMask = 2147483647;
			files = (
				240607A119991647005B31CD /* XCTest.framework in Frameworks */,
				240607A319991647005B31CD /* UIKit.framework in Frameworks */,
				240607A219991647005B31CD /* Foundation.framework in Frameworks */,
			);
			runOnlyForDeploymentPostprocessing = 0;
		};
/* End PBXFrameworksBuildPhase section */

/* Begin PBXGroup section */
		2406077B19991647005B31CD = {
			isa = PBXGroup;
			children = (
				2406078D19991647005B31CD /* CodeReview */,
				240607A619991647005B31CD /* CodeReviewTests */,
				2406078619991647005B31CD /* Frameworks */,
				2406078519991647005B31CD /* Products */,
			);
			sourceTree = "<group>";
		};
		2406078519991647005B31CD /* Products */ = {
			isa = PBXGroup;
			children = (
				2406078419991647005B31CD /* CodeReview.app */,
				2406079F19991647005B31CD /* CodeReviewTests.xctest */,
			);
			name = Products;
			sourceTree = "<group>";
		};
		2406078619991647005B31CD /* Frameworks */ = {
			isa = PBXGroup;
			children = (
				2406078719991647005B31CD /* Foundation.framework */,
				2406078919991647005B31CD /* CoreGraphics.framework */,
				2406078B19991647005B31CD /* UIKit.framework */,
				240607A019991647005B31CD /* XCTest.framework */,
			);
			name = Frameworks;
			sourceTree = "<group>";
		};
		2406078D19991647005B31CD /* CodeReview */ = {
			isa = PBXGroup;
			children = (
				2406079619991647005B31CD /* MPAppDelegate.h */,
				2406079719991647005B31CD /* MPAppDelegate.m */,
				2406079919991647005B31CD /* Images.xcassets */,
				2406078E19991647005B31CD /* Supporting Files */,
			);
			path = CodeReview;
			sourceTree = "<group>";
		};
		2406078E19991647005B31CD /* Supporting Files */ = {
			isa = PBXGroup;
			children = (
				2406078F19991647005B31CD /* CodeReview-Info.plist */,
				2406079019991647005B31CD /* InfoPlist.strings */,
				2406079319991647005B31CD /* main.m */,
				2406079519991647005B31CD /* CodeReview-Prefix.pch */,
			);
			name = "Supporting Files";
			sourceTree = "<group>";
		};
		240607A619991647005B31CD /* CodeReviewTests */ = {
			isa = PBXGroup;
			children = (
				240607AC19991647005B31CD /* CodeReviewTests.m */,
				240607A719991647005B31CD /* Supporting Files */,
			);
			path = CodeReviewTests;
			sourceTree = "<group>";
		};
		240607A719991647005B31CD /* Supporting Files */ = {
			isa = PBXGroup;
			children = (
				240607A819991647005B31CD /* CodeReviewTests-Info.plist */,
				240607A919991647005B31CD /* InfoPlist.strings */,
			);
			name = "Supporting Files";
			sourceTree = "<group>";
		};
/* End PBXGroup section */

/* Begin PBXNativeTarget section */
		2406078319991647005B31CD /* CodeReview */ = {
			isa = PBXNativeTarget;
			buildConfigurationList = 240607B019991647005B31CD /* Build configuration list for PBXNativeTarget "CodeReview" */;
			buildPhases = (
				2406078019991647005B31CD /* Sources */,
				2406078119991647005B31CD /* Frameworks */,
				2406078219991647005B31CD /* Resources */,
			);
			buildRules = (
			);
			dependencies = (
			);
			name = CodeReview;
			productName = CodeReview;
			productReference = 2406078419991647005B31CD /* CodeReview.app */;
			productType = "com.apple.product-type.application";
		};
		2406079E19991647005B31CD /* CodeReviewTests */ = {
			isa = PBXNativeTarget;
			buildConfigurationList = 240607B319991647005B31CD /* Build configuration list for PBXNativeTarget "CodeReviewTests" */;
			buildPhases = (
				2406079B19991647005B31CD /* Sources */,
				2406079C19991647005B31CD /* Frameworks */,
				2406079D19991647005B31CD /* Resources */,
			);
			buildRules = (
			);
			dependencies = (
				240607A519991647005B31CD /* PBXTargetDependency */,
			);
			name = CodeReviewTests;
			productName = CodeReviewTests;
			productReference = 2406079F19991647005B31CD /* CodeReviewTests.xctest */;
			productType = "com.apple.product-type.bundle.unit-test";
		};
/* End PBXNativeTarget section */

/* Begin PBXProject section */
		2406077C19991647005B31CD /* Project object */ = {
			isa = PBXProject;
			attributes = {
				CLASSPREFIX = MP;
				LastUpgradeCheck = 0510;
				ORGANIZATIONNAME = zdnst;
				TargetAttributes = {
					2406079E19991647005B31CD = {
						TestTargetID = 2406078319991647005B31CD;
					};
				};
			};
			buildConfigurationList = 2406077F19991647005B31CD /* Build configuration list for PBXProject "CodeReview" */;
			compatibilityVersion = "Xcode 3.2";
			developmentRegion = English;
			hasScannedForEncodings = 0;
			knownRegions = (
				en,
			);
			mainGroup = 2406077B19991647005B31CD;
			productRefGroup = 2406078519991647005B31CD /* Products */;
			projectDirPath = "";
			projectRoot = "";
			targets = (
				2406078319991647005B31CD /* CodeReview */,
				2406079E19991647005B31CD /* CodeReviewTests */,
			);
		};
/* End PBXProject section */

/* Begin PBXResourcesBuildPhase section */
		2406078219991647005B31CD /* Resources */ = {
			isa = PBXResourcesBuildPhase;
			buildActionMask = 2147483647;
			files = (
				2406079219991647005B31CD /* InfoPlist.strings in Resources */,
				2406079A19991647005B31CD /* Images.xcassets in Resources */,
			);
			runOnlyForDeploymentPostprocessing = 0;
		};
		2406079D19991647005B31CD /* Resources */ = {
			isa = PBXResourcesBuildPhase;
			buildActionMask = 2147483647;
			files = (
				240607AB19991647005B31CD /* InfoPlist.strings in Resources */,
			);
			runOnlyForDeploymentPostprocessing = 0;
		};
/* End PBXResourcesBuildPhase section */

/* Begin PBXSourcesBuildPhase section */
		2406078019991647005B31CD /* Sources */ = {
			isa = PBXSourcesBuildPhase;
			buildActionMask = 2147483647;
			files = (
				2406079419991647005B31CD /* main.m in Sources */,
				2406079819991647005B31CD /* MPAppDelegate.m in Sources */,
			);
			runOnlyForDeploymentPostprocessing = 0;
		};
		2406079B19991647005B31CD /* Sources */ = {
			isa = PBXSourcesBuildPhase;
			buildActionMask = 2147483647;
			files = (
				240607AD19991647005B31CD /* CodeReviewTests.m in Sources */,
			);
			runOnlyForDeploymentPostprocessing = 0;
		};
/* End PBXSourcesBuildPhase section */

/* Begin PBXTargetDependency section */
		240607A519991647005B31CD /* PBXTargetDependency */ = {
			isa = PBXTargetDependency;
			target = 2406078319991647005B31CD /* CodeReview */;
			targetProxy = 240607A419991647005B31CD /* PBXContainerItemProxy */;
		};
/* End PBXTargetDependency section */

/* Begin PBXVariantGroup section */
		2406079019991647005B31CD /* InfoPlist.strings */ = {
			isa = PBXVariantGroup;
			children = (
				2406079119991647005B31CD /* en */,
			);
			name = InfoPlist.strings;
			sourceTree = "<group>";
		};
		240607A919991647005B31CD /* InfoPlist.strings */ = {
			isa = PBXVariantGroup;
			children = (
				240607AA19991647005B31CD /* en */,
			);
			name = InfoPlist.strings;
			sourceTree = "<group>";
		};
/* End PBXVariantGroup section */

/* Begin XCBuildConfiguration section */
		240607AE19991647005B31CD /* Debug */ = {
			isa = XCBuildConfiguration;
			buildSettings = {
				ALWAYS_SEARCH_USER_PATHS = NO;
				CLANG_CXX_LANGUAGE_STANDARD = "gnu++0x";
				CLANG_CXX_LIBRARY = "libc++";
				CLANG_ENABLE_MODULES = YES;
				CLANG_ENABLE_OBJC_ARC = YES;
				CLANG_WARN_BOOL_CONVERSION = YES;
				CLANG_WARN_CONSTANT_CONVERSION = YES;
				CLANG_WARN_DIRECT_OBJC_ISA_USAGE = YES_ERROR;
				CLANG_WARN_EMPTY_BODY = YES;
				CLANG_WARN_ENUM_CONVERSION = YES;
				CLANG_WARN_INT_CONVERSION = YES;
				CLANG_WARN_OBJC_ROOT_CLASS = YES_ERROR;
				CLANG_WARN__DUPLICATE_METHOD_MATCH = YES;
				"CODE_SIGN_IDENTITY[sdk=iphoneos*]" = "iPhone Developer";
				COPY_PHASE_STRIP = NO;
				GCC_C_LANGUAGE_STANDARD = gnu99;
				GCC_DYNAMIC_NO_PIC = NO;
				GCC_OPTIMIZATION_LEVEL = 0;
				GCC_PREPROCESSOR_DEFINITIONS = (
					"DEBUG=1",
					"$(inherited)",
				);
				GCC_SYMBOLS_PRIVATE_EXTERN = NO;
				GCC_WARN_64_TO_32_BIT_CONVERSION = YES;
				GCC_WARN_ABOUT_RETURN_TYPE = YES_ERROR;
				GCC_WARN_UNDECLARED_SELECTOR = YES;
				GCC_WARN_UNINITIALIZED_AUTOS = YES_AGGRESSIVE;
				GCC_WARN_UNUSED_FUNCTION = YES;
				GCC_WARN_UNUSED_VARIABLE = YES;
				IPHONEOS_DEPLOYMENT_TARGET = 7.1;
				ONLY_ACTIVE_ARCH = YES;
				SDKROOT = iphoneos;
			};
			name = Debug;
		};
		240607AF19991647005B31CD /* Release */ = {
			isa = XCBuildConfiguration;
			buildSettings = {
				ALWAYS_SEARCH_USER_PATHS = NO;
				CLANG_CXX_LANGUAGE_STANDARD = "gnu++0x";
				CLANG_CXX_LIBRARY = "libc++";
				CLANG_ENABLE_MODULES = YES;
				CLANG_ENABLE_OBJC_ARC = YES;
				CLANG_WARN_BOOL_CONVERSION = YES;
				CLANG_WARN_CONSTANT_CONVERSION = YES;
				CLANG_WARN_DIRECT_OBJC_ISA_USAGE = YES_ERROR;
				CLANG_WARN_EMPTY_BODY = YES;
				CLANG_WARN_ENUM_CONVERSION = YES;
				CLANG_WARN_INT_CONVERSION = YES;
				CLANG_WARN_OBJC_ROOT_CLASS = YES_ERROR;
				CLANG_WARN__DUPLICATE_METHOD_MATCH = YES;
				"CODE_SIGN_IDENTITY[sdk=iphoneos*]" = "iPhone Developer";
				COPY_PHASE_STRIP = YES;
				ENABLE_NS_ASSERTIONS = NO;
				GCC_C_LANGUAGE_STANDARD = gnu99;
				GCC_WARN_64_TO_32_BIT_CONVERSION = YES;
				GCC_WARN_ABOUT_RETURN_TYPE = YES_ERROR;
				GCC_WARN_UNDECLARED_SELECTOR = YES;
				GCC_WARN_UNINITIALIZED_AUTOS = YES_AGGRESSIVE;
				GCC_WARN_UNUSED_FUNCTION = YES;
				GCC_WARN_UNUSED_VARIABLE = YES;
				IPHONEOS_DEPLOYMENT_TARGET = 7.1;
				SDKROOT = iphoneos;
				VALIDATE_PRODUCT = YES;
			};
			name = Release;
		};
		240607B119991647005B31CD /* Debug */ = {
			isa = XCBuildConfiguration;
			buildSettings = {
				ASSETCATALOG_COMPILER_APPICON_NAME = AppIcon;
				ASSETCATALOG_COMPILER_LAUNCHIMAGE_NAME = LaunchImage;
				GCC_PRECOMPILE_PREFIX_HEADER = YES;
				GCC_PREFIX_HEADER = "CodeReview/CodeReview-Prefix.pch";
				INFOPLIST_FILE = "CodeReview/CodeReview-Info.plist";
				PRODUCT_NAME = "$(TARGET_NAME)";
				WRAPPER_EXTENSION = app;
			};
			name = Debug;
		};
		240607B219991647005B31CD /* Release */ = {
			isa = XCBuildConfiguration;
			buildSettings = {
				ASSETCATALOG_COMPILER_APPICON_NAME = AppIcon;
				ASSETCATALOG_COMPILER_LAUNCHIMAGE_NAME = LaunchImage;
				GCC_PRECOMPILE_PREFIX_HEADER = YES;
				GCC_PREFIX_HEADER = "CodeReview/CodeReview-Prefix.pch";
				INFOPLIST_FILE = "CodeReview/CodeReview-Info.plist";
				PRODUCT_NAME = "$(TARGET_NAME)";
				WRAPPER_EXTENSION = app;
			};
			name = Release;
		};
		240607B419991647005B31CD /* Debug */ = {
			isa = XCBuildConfiguration;
			buildSettings = {
				BUNDLE_LOADER = "$(BUILT_PRODUCTS_DIR)/CodeReview.app/CodeReview";
				FRAMEWORK_SEARCH_PATHS = (
					"$(SDKROOT)/Developer/Library/Frameworks",
					"$(inherited)",
					"$(DEVELOPER_FRAMEWORKS_DIR)",
				);
				GCC_PRECOMPILE_PREFIX_HEADER = YES;
				GCC_PREFIX_HEADER = "CodeReview/CodeReview-Prefix.pch";
				GCC_PREPROCESSOR_DEFINITIONS = (
					"DEBUG=1",
					"$(inherited)",
				);
				INFOPLIST_FILE = "CodeReviewTests/CodeReviewTests-Info.plist";
				PRODUCT_NAME = "$(TARGET_NAME)";
				TEST_HOST = "$(BUNDLE_LOADER)";
				WRAPPER_EXTENSION = xctest;
			};
			name = Debug;
		};
		240607B519991647005B31CD /* Release */ = {
			isa = XCBuildConfiguration;
			buildSettings = {
				BUNDLE_LOADER = "$(BUILT_PRODUCTS_DIR)/CodeReview.app/CodeReview";
				FRAMEWORK_SEARCH_PATHS = (
					"$(SDKROOT)/Developer/Library/Frameworks",
					"$(inherited)",
					"$(DEVELOPER_FRAMEWORKS_DIR)",
				);
				GCC_PRECOMPILE_PREFIX_HEADER = YES;
				GCC_PREFIX_HEADER = "CodeReview/CodeReview-Prefix.pch";
				INFOPLIST_FILE = "CodeReviewTests/CodeReviewTests-Info.plist";
				PRODUCT_NAME = "$(TARGET_NAME)";
				TEST_HOST = "$(BUNDLE_LOADER)";
				WRAPPER_EXTENSION = xctest;
			};
			name = Release;
		};
/* End XCBuildConfiguration section */

/* Begin XCConfigurationList section */
		2406077F19991647005B31CD /* Build configuration list for PBXProject "CodeReview" */ = {
			isa = XCConfigurationList;
			buildConfigurations = (
				240607AE19991647005B31CD /* Debug */,
				240607AF19991647005B31CD /* Release */,
			);
			defaultConfigurationIsVisible = 0;
			defaultConfigurationName = Release;
		};
		240607B019991647005B31CD /* Build configuration list for PBXNativeTarget "CodeReview" */ = {
			isa = XCConfigurationList;
			buildConfigurations = (
				240607B119991647005B31CD /* Debug */,
				240607B219991647005B31CD /* Release */,
			);
			defaultConfigurationIsVisible = 0;
		};
		240607B319991647005B31CD /* Build configuration list for PBXNativeTarget "CodeReviewTests" */ = {
			isa = XCConfigurationList;
			buildConfigurations = (
				240607B419991647005B31CD /* Debug */,
				240607B519991647005B31CD /* Release */,
			);
			defaultConfigurationIsVisible = 0;
		};
/* End XCConfigurationList section */
	};
	rootObject = 2406077C19991647005B31CD /* Project object */;
}
